// !$*UTF8*$!
{
	archiveVersion = 1;
	classes = {
	};
	objectVersion = 51;
	objects = {

/* Begin PBXBuildFile section */
		392335996C51C8466DA8087F /* Pods_exocore_client_ios.framework in Frameworks */ = {isa = PBXBuildFile; fileRef = A802B6DAB9619719E52A645B /* Pods_exocore_client_ios.framework */; };
		45B6B40DA0CC854ABCB7BAC3 /* config.pb.swift in Sources */ = {isa = PBXBuildFile; fileRef = 45B6B843FD6B188B538A56B2 /* config.pb.swift */; };
		45B6B8BD61912180C355C014 /* manifest.pb.swift in Sources */ = {isa = PBXBuildFile; fileRef = 45B6BB3712CB0A25C37EFD52 /* manifest.pb.swift */; };
		6D0367D22399D6AB0087A80B /* MainViewController.swift in Sources */ = {isa = PBXBuildFile; fileRef = 6D0367D12399D6AB0087A80B /* MainViewController.swift */; };
		6D07425D23DC9FE000BF1545 /* test.pb.swift in Sources */ = {isa = PBXBuildFile; fileRef = 6D07425723DC9FE000BF1545 /* test.pb.swift */; };
		6D07425E23DC9FE000BF1545 /* query.pb.swift in Sources */ = {isa = PBXBuildFile; fileRef = 6D07425923DC9FE000BF1545 /* query.pb.swift */; };
		6D07425F23DC9FE000BF1545 /* entity.pb.swift in Sources */ = {isa = PBXBuildFile; fileRef = 6D07425A23DC9FE000BF1545 /* entity.pb.swift */; };
		6D07426123DC9FE000BF1545 /* mutation.pb.swift in Sources */ = {isa = PBXBuildFile; fileRef = 6D07425C23DC9FE000BF1545 /* mutation.pb.swift */; };
		6D5878AD23ECEA6400B59601 /* EXOMutationBuilder.swift in Sources */ = {isa = PBXBuildFile; fileRef = 6D5878AC23ECEA6400B59601 /* EXOMutationBuilder.swift */; };
		6D5878AF23ECEFBB00B59601 /* EXOQueryBuilder.swift in Sources */ = {isa = PBXBuildFile; fileRef = 6D5878AE23ECEFBB00B59601 /* EXOQueryBuilder.swift */; };
		6DEED5A722E88BC30090AF30 /* AppDelegate.swift in Sources */ = {isa = PBXBuildFile; fileRef = 6DEED5A622E88BC30090AF30 /* AppDelegate.swift */; };
		6DEED5A922E88BC30090AF30 /* EXOClient.swift in Sources */ = {isa = PBXBuildFile; fileRef = 6DEED5A822E88BC30090AF30 /* EXOClient.swift */; };
		6DEED5AC22E88BC30090AF30 /* Main.storyboard in Resources */ = {isa = PBXBuildFile; fileRef = 6DEED5AA22E88BC30090AF30 /* Main.storyboard */; };
		6DEED5AE22E88BC50090AF30 /* Assets.xcassets in Resources */ = {isa = PBXBuildFile; fileRef = 6DEED5AD22E88BC50090AF30 /* Assets.xcassets */; };
		6DEED5B122E88BC50090AF30 /* LaunchScreen.storyboard in Resources */ = {isa = PBXBuildFile; fileRef = 6DEED5AF22E88BC50090AF30 /* LaunchScreen.storyboard */; };
		6DEED5BB22E88E3D0090AF30 /* libexocore_client_ios.a in Frameworks */ = {isa = PBXBuildFile; fileRef = 6DEED5B922E88BF20090AF30 /* libexocore_client_ios.a */; };
/* End PBXBuildFile section */

/* Begin PBXFileReference section */
		0D27A425AEE4671302E001E1 /* Pods-exocore-client-ios.debug.xcconfig */ = {isa = PBXFileReference; includeInIndex = 1; lastKnownFileType = text.xcconfig; name = "Pods-exocore-client-ios.debug.xcconfig"; path = "Target Support Files/Pods-exocore-client-ios/Pods-exocore-client-ios.debug.xcconfig"; sourceTree = "<group>"; };
		45B6B843FD6B188B538A56B2 /* config.pb.swift */ = {isa = PBXFileReference; fileEncoding = 4; lastKnownFileType = sourcecode.swift; path = config.pb.swift; sourceTree = "<group>"; };
		45B6BB3712CB0A25C37EFD52 /* manifest.pb.swift */ = {isa = PBXFileReference; fileEncoding = 4; lastKnownFileType = sourcecode.swift; path = manifest.pb.swift; sourceTree = "<group>"; };
		6D0367D12399D6AB0087A80B /* MainViewController.swift */ = {isa = PBXFileReference; lastKnownFileType = sourcecode.swift; path = MainViewController.swift; sourceTree = "<group>"; };
		6D0367D32399DFB60087A80B /* SwiftUI.framework */ = {isa = PBXFileReference; lastKnownFileType = wrapper.framework; name = SwiftUI.framework; path = System/Library/Frameworks/SwiftUI.framework; sourceTree = SDKROOT; };
		6D07425723DC9FE000BF1545 /* test.pb.swift */ = {isa = PBXFileReference; fileEncoding = 4; lastKnownFileType = sourcecode.swift; path = test.pb.swift; sourceTree = "<group>"; };
		6D07425923DC9FE000BF1545 /* query.pb.swift */ = {isa = PBXFileReference; fileEncoding = 4; lastKnownFileType = sourcecode.swift; path = query.pb.swift; sourceTree = "<group>"; };
		6D07425A23DC9FE000BF1545 /* entity.pb.swift */ = {isa = PBXFileReference; fileEncoding = 4; lastKnownFileType = sourcecode.swift; path = entity.pb.swift; sourceTree = "<group>"; };
		6D07425C23DC9FE000BF1545 /* mutation.pb.swift */ = {isa = PBXFileReference; fileEncoding = 4; lastKnownFileType = sourcecode.swift; path = mutation.pb.swift; sourceTree = "<group>"; };
		6D5878AC23ECEA6400B59601 /* EXOMutationBuilder.swift */ = {isa = PBXFileReference; lastKnownFileType = sourcecode.swift; path = EXOMutationBuilder.swift; sourceTree = "<group>"; };
		6D5878AE23ECEFBB00B59601 /* EXOQueryBuilder.swift */ = {isa = PBXFileReference; lastKnownFileType = sourcecode.swift; path = EXOQueryBuilder.swift; sourceTree = "<group>"; };
		6DEED5A322E88BC30090AF30 /* exocore-client-ios.app */ = {isa = PBXFileReference; explicitFileType = wrapper.application; includeInIndex = 0; path = "exocore-client-ios.app"; sourceTree = BUILT_PRODUCTS_DIR; };
		6DEED5A622E88BC30090AF30 /* AppDelegate.swift */ = {isa = PBXFileReference; lastKnownFileType = sourcecode.swift; path = AppDelegate.swift; sourceTree = "<group>"; };
		6DEED5A822E88BC30090AF30 /* EXOClient.swift */ = {isa = PBXFileReference; lastKnownFileType = sourcecode.swift; path = EXOClient.swift; sourceTree = "<group>"; };
		6DEED5AB22E88BC30090AF30 /* Base */ = {isa = PBXFileReference; lastKnownFileType = file.storyboard; name = Base; path = Base.lproj/Main.storyboard; sourceTree = "<group>"; };
		6DEED5AD22E88BC50090AF30 /* Assets.xcassets */ = {isa = PBXFileReference; lastKnownFileType = folder.assetcatalog; path = Assets.xcassets; sourceTree = "<group>"; };
		6DEED5B022E88BC50090AF30 /* Base */ = {isa = PBXFileReference; lastKnownFileType = file.storyboard; name = Base; path = Base.lproj/LaunchScreen.storyboard; sourceTree = "<group>"; };
		6DEED5B222E88BC50090AF30 /* Info.plist */ = {isa = PBXFileReference; lastKnownFileType = text.plist.xml; path = Info.plist; sourceTree = "<group>"; };
		6DEED5B922E88BF20090AF30 /* libexocore_client_ios.a */ = {isa = PBXFileReference; lastKnownFileType = archive.ar; name = libexocore_client_ios.a; path = ../../../../target/universal/debug/libexocore_client_ios.a; sourceTree = "<group>"; };
		6DEED5BC22E88EEC0090AF30 /* exocore-client-ios-Bridging-Header.h */ = {isa = PBXFileReference; lastKnownFileType = sourcecode.c.h; path = "exocore-client-ios-Bridging-Header.h"; sourceTree = "<group>"; };
		A802B6DAB9619719E52A645B /* Pods_exocore_client_ios.framework */ = {isa = PBXFileReference; explicitFileType = wrapper.framework; includeInIndex = 0; path = Pods_exocore_client_ios.framework; sourceTree = BUILT_PRODUCTS_DIR; };
		E111411E5A8E4A8E891EF16C /* Pods-exocore-client-ios.release.xcconfig */ = {isa = PBXFileReference; includeInIndex = 1; lastKnownFileType = text.xcconfig; name = "Pods-exocore-client-ios.release.xcconfig"; path = "Target Support Files/Pods-exocore-client-ios/Pods-exocore-client-ios.release.xcconfig"; sourceTree = "<group>"; };
/* End PBXFileReference section */

/* Begin PBXFrameworksBuildPhase section */
		6DEED5A022E88BC30090AF30 /* Frameworks */ = {
			isa = PBXFrameworksBuildPhase;
			buildActionMask = 2147483647;
			files = (
				6DEED5BB22E88E3D0090AF30 /* libexocore_client_ios.a in Frameworks */,
				392335996C51C8466DA8087F /* Pods_exocore_client_ios.framework in Frameworks */,
			);
			runOnlyForDeploymentPostprocessing = 0;
		};
/* End PBXFrameworksBuildPhase section */

/* Begin PBXGroup section */
		45B6B0A4440DA4BE8306BA71 /* core */ = {
			isa = PBXGroup;
			children = (
				45B6B843FD6B188B538A56B2 /* config.pb.swift */,
			);
			path = core;
			sourceTree = "<group>";
		};
		45B6B527F2F4644241E67538 /* apps */ = {
			isa = PBXGroup;
			children = (
				45B6BB3712CB0A25C37EFD52 /* manifest.pb.swift */,
			);
			path = apps;
			sourceTree = "<group>";
		};
		6D07425423DC9FE000BF1545 /* proto */ = {
			isa = PBXGroup;
			children = (
				6D07425523DC9FE000BF1545 /* exocore */,
			);
			path = proto;
			sourceTree = "<group>";
		};
		6D07425523DC9FE000BF1545 /* exocore */ = {
			isa = PBXGroup;
			children = (
				6D07425623DC9FE000BF1545 /* test */,
				6D07425823DC9FE000BF1545 /* index */,
				45B6B0A4440DA4BE8306BA71 /* core */,
				45B6B527F2F4644241E67538 /* apps */,
			);
			path = exocore;
			sourceTree = "<group>";
		};
		6D07425623DC9FE000BF1545 /* test */ = {
			isa = PBXGroup;
			children = (
				6D07425723DC9FE000BF1545 /* test.pb.swift */,
			);
			path = test;
			sourceTree = "<group>";
		};
		6D07425823DC9FE000BF1545 /* index */ = {
			isa = PBXGroup;
			children = (
				6D07425923DC9FE000BF1545 /* query.pb.swift */,
				6D07425A23DC9FE000BF1545 /* entity.pb.swift */,
				6D07425C23DC9FE000BF1545 /* mutation.pb.swift */,
			);
			path = index;
			sourceTree = "<group>";
		};
		6DEED59A22E88BC30090AF30 = {
			isa = PBXGroup;
			children = (
				6DEED5A522E88BC30090AF30 /* exocore-client-ios */,
				6DEED5A422E88BC30090AF30 /* Products */,
				6DEED5B822E88BF10090AF30 /* Frameworks */,
				D76B0B1B3F3131F298D626EC /* Pods */,
			);
			sourceTree = "<group>";
		};
		6DEED5A422E88BC30090AF30 /* Products */ = {
			isa = PBXGroup;
			children = (
				6DEED5A322E88BC30090AF30 /* exocore-client-ios.app */,
			);
			name = Products;
			sourceTree = "<group>";
		};
		6DEED5A522E88BC30090AF30 /* exocore-client-ios */ = {
			isa = PBXGroup;
			children = (
				6D07425423DC9FE000BF1545 /* proto */,
				6DEED5BC22E88EEC0090AF30 /* exocore-client-ios-Bridging-Header.h */,
				6DEED5B222E88BC50090AF30 /* Info.plist */,
				6DEED5A622E88BC30090AF30 /* AppDelegate.swift */,
				6DEED5A822E88BC30090AF30 /* EXOClient.swift */,
				6D0367D12399D6AB0087A80B /* MainViewController.swift */,
				6D5878AC23ECEA6400B59601 /* EXOMutationBuilder.swift */,
				6D5878AE23ECEFBB00B59601 /* EXOQueryBuilder.swift */,
				6DEED5AD22E88BC50090AF30 /* Assets.xcassets */,
				6DEED5AF22E88BC50090AF30 /* LaunchScreen.storyboard */,
				6DEED5AA22E88BC30090AF30 /* Main.storyboard */,
			);
			path = "exocore-client-ios";
			sourceTree = "<group>";
		};
		6DEED5B822E88BF10090AF30 /* Frameworks */ = {
			isa = PBXGroup;
			children = (
				6D0367D32399DFB60087A80B /* SwiftUI.framework */,
				6DEED5B922E88BF20090AF30 /* libexocore_client_ios.a */,
				A802B6DAB9619719E52A645B /* Pods_exocore_client_ios.framework */,
			);
			name = Frameworks;
			sourceTree = "<group>";
		};
		D76B0B1B3F3131F298D626EC /* Pods */ = {
			isa = PBXGroup;
			children = (
				0D27A425AEE4671302E001E1 /* Pods-exocore-client-ios.debug.xcconfig */,
				E111411E5A8E4A8E891EF16C /* Pods-exocore-client-ios.release.xcconfig */,
			);
			path = Pods;
			sourceTree = "<group>";
		};
/* End PBXGroup section */

/* Begin PBXNativeTarget section */
		6DEED5A222E88BC30090AF30 /* exocore-client-ios */ = {
			isa = PBXNativeTarget;
			buildConfigurationList = 6DEED5B522E88BC50090AF30 /* Build configuration list for PBXNativeTarget "exocore-client-ios" */;
			buildPhases = (
				BADB72AC96A786D421CD2BAF /* [CP] Check Pods Manifest.lock */,
				6DEED59F22E88BC30090AF30 /* Sources */,
				6DEED5A022E88BC30090AF30 /* Frameworks */,
				6DEED5A122E88BC30090AF30 /* Resources */,
				52B15DCE514D7F2247B3ABC6 /* [CP] Embed Pods Frameworks */,
			);
			buildRules = (
			);
			dependencies = (
			);
			name = "exocore-client-ios";
			productName = "exocore-client-ios";
			productReference = 6DEED5A322E88BC30090AF30 /* exocore-client-ios.app */;
			productType = "com.apple.product-type.application";
		};
/* End PBXNativeTarget section */

/* Begin PBXProject section */
		6DEED59B22E88BC30090AF30 /* Project object */ = {
			isa = PBXProject;
			attributes = {
				LastSwiftUpdateCheck = 1030;
				LastUpgradeCheck = 1030;
				ORGANIZATIONNAME = "Andre-Philippe Paquet";
				TargetAttributes = {
					6DEED5A222E88BC30090AF30 = {
						CreatedOnToolsVersion = 10.3;
						LastSwiftMigration = 1030;
					};
				};
			};
			buildConfigurationList = 6DEED59E22E88BC30090AF30 /* Build configuration list for PBXProject "exocore-client-ios" */;
			compatibilityVersion = "Xcode 9.3";
			developmentRegion = en;
			hasScannedForEncodings = 0;
			knownRegions = (
				en,
				Base,
			);
			mainGroup = 6DEED59A22E88BC30090AF30;
			productRefGroup = 6DEED5A422E88BC30090AF30 /* Products */;
			projectDirPath = "";
			projectRoot = "";
			targets = (
				6DEED5A222E88BC30090AF30 /* exocore-client-ios */,
			);
		};
/* End PBXProject section */

/* Begin PBXResourcesBuildPhase section */
		6DEED5A122E88BC30090AF30 /* Resources */ = {
			isa = PBXResourcesBuildPhase;
			buildActionMask = 2147483647;
			files = (
				6DEED5B122E88BC50090AF30 /* LaunchScreen.storyboard in Resources */,
				6DEED5AE22E88BC50090AF30 /* Assets.xcassets in Resources */,
				6DEED5AC22E88BC30090AF30 /* Main.storyboard in Resources */,
			);
			runOnlyForDeploymentPostprocessing = 0;
		};
/* End PBXResourcesBuildPhase section */

/* Begin PBXShellScriptBuildPhase section */
		52B15DCE514D7F2247B3ABC6 /* [CP] Embed Pods Frameworks */ = {
			isa = PBXShellScriptBuildPhase;
			buildActionMask = 2147483647;
			files = (
			);
			inputFileListPaths = (
				"${PODS_ROOT}/Target Support Files/Pods-exocore-client-ios/Pods-exocore-client-ios-frameworks-${CONFIGURATION}-input-files.xcfilelist",
			);
			name = "[CP] Embed Pods Frameworks";
			outputFileListPaths = (
				"${PODS_ROOT}/Target Support Files/Pods-exocore-client-ios/Pods-exocore-client-ios-frameworks-${CONFIGURATION}-output-files.xcfilelist",
			);
			runOnlyForDeploymentPostprocessing = 0;
			shellPath = /bin/sh;
			shellScript = "\"${PODS_ROOT}/Target Support Files/Pods-exocore-client-ios/Pods-exocore-client-ios-frameworks.sh\"\n";
			showEnvVarsInLog = 0;
		};
		BADB72AC96A786D421CD2BAF /* [CP] Check Pods Manifest.lock */ = {
			isa = PBXShellScriptBuildPhase;
			buildActionMask = 2147483647;
			files = (
			);
			inputFileListPaths = (
			);
			inputPaths = (
				"${PODS_PODFILE_DIR_PATH}/Podfile.lock",
				"${PODS_ROOT}/Manifest.lock",
			);
			name = "[CP] Check Pods Manifest.lock";
			outputFileListPaths = (
			);
			outputPaths = (
				"$(DERIVED_FILE_DIR)/Pods-exocore-client-ios-checkManifestLockResult.txt",
			);
			runOnlyForDeploymentPostprocessing = 0;
			shellPath = /bin/sh;
			shellScript = "diff \"${PODS_PODFILE_DIR_PATH}/Podfile.lock\" \"${PODS_ROOT}/Manifest.lock\" > /dev/null\nif [ $? != 0 ] ; then\n    # print error to STDERR\n    echo \"error: The sandbox is not in sync with the Podfile.lock. Run 'pod install' or update your CocoaPods installation.\" >&2\n    exit 1\nfi\n# This output is used by Xcode 'outputs' to avoid re-running this script phase.\necho \"SUCCESS\" > \"${SCRIPT_OUTPUT_FILE_0}\"\n";
			showEnvVarsInLog = 0;
		};
/* End PBXShellScriptBuildPhase section */

/* Begin PBXSourcesBuildPhase section */
		6DEED59F22E88BC30090AF30 /* Sources */ = {
			isa = PBXSourcesBuildPhase;
			buildActionMask = 2147483647;
			files = (
				6D07425D23DC9FE000BF1545 /* test.pb.swift in Sources */,
				6DEED5A922E88BC30090AF30 /* EXOClient.swift in Sources */,
				6DEED5A722E88BC30090AF30 /* AppDelegate.swift in Sources */,
				6D07425E23DC9FE000BF1545 /* query.pb.swift in Sources */,
				6D0367D22399D6AB0087A80B /* MainViewController.swift in Sources */,
				6D07426123DC9FE000BF1545 /* mutation.pb.swift in Sources */,
				6D5878AF23ECEFBB00B59601 /* EXOQueryBuilder.swift in Sources */,
				6D5878AD23ECEA6400B59601 /* EXOMutationBuilder.swift in Sources */,
				6D07425F23DC9FE000BF1545 /* entity.pb.swift in Sources */,
				45B6B40DA0CC854ABCB7BAC3 /* config.pb.swift in Sources */,
				45B6B8BD61912180C355C014 /* manifest.pb.swift in Sources */,
			);
			runOnlyForDeploymentPostprocessing = 0;
		};
/* End PBXSourcesBuildPhase section */

/* Begin PBXVariantGroup section */
		6DEED5AA22E88BC30090AF30 /* Main.storyboard */ = {
			isa = PBXVariantGroup;
			children = (
				6DEED5AB22E88BC30090AF30 /* Base */,
			);
			name = Main.storyboard;
			sourceTree = "<group>";
		};
		6DEED5AF22E88BC50090AF30 /* LaunchScreen.storyboard */ = {
			isa = PBXVariantGroup;
			children = (
				6DEED5B022E88BC50090AF30 /* Base */,
			);
			name = LaunchScreen.storyboard;
			sourceTree = "<group>";
		};
/* End PBXVariantGroup section */

/* Begin XCBuildConfiguration section */
		6DEED5B322E88BC50090AF30 /* Debug */ = {
			isa = XCBuildConfiguration;
			buildSettings = {
				ALWAYS_SEARCH_USER_PATHS = NO;
				CLANG_ANALYZER_NONNULL = YES;
				CLANG_ANALYZER_NUMBER_OBJECT_CONVERSION = YES_AGGRESSIVE;
				CLANG_CXX_LANGUAGE_STANDARD = "gnu++14";
				CLANG_CXX_LIBRARY = "libc++";
				CLANG_ENABLE_MODULES = YES;
				CLANG_ENABLE_OBJC_ARC = YES;
				CLANG_ENABLE_OBJC_WEAK = YES;
				CLANG_WARN_BLOCK_CAPTURE_AUTORELEASING = YES;
				CLANG_WARN_BOOL_CONVERSION = YES;
				CLANG_WARN_COMMA = YES;
				CLANG_WARN_CONSTANT_CONVERSION = YES;
				CLANG_WARN_DEPRECATED_OBJC_IMPLEMENTATIONS = YES;
				CLANG_WARN_DIRECT_OBJC_ISA_USAGE = YES_ERROR;
				CLANG_WARN_DOCUMENTATION_COMMENTS = YES;
				CLANG_WARN_EMPTY_BODY = YES;
				CLANG_WARN_ENUM_CONVERSION = YES;
				CLANG_WARN_INFINITE_RECURSION = YES;
				CLANG_WARN_INT_CONVERSION = YES;
				CLANG_WARN_NON_LITERAL_NULL_CONVERSION = YES;
				CLANG_WARN_OBJC_IMPLICIT_RETAIN_SELF = YES;
				CLANG_WARN_OBJC_LITERAL_CONVERSION = YES;
				CLANG_WARN_OBJC_ROOT_CLASS = YES_ERROR;
				CLANG_WARN_RANGE_LOOP_ANALYSIS = YES;
				CLANG_WARN_STRICT_PROTOTYPES = YES;
				CLANG_WARN_SUSPICIOUS_MOVE = YES;
				CLANG_WARN_UNGUARDED_AVAILABILITY = YES_AGGRESSIVE;
				CLANG_WARN_UNREACHABLE_CODE = YES;
				CLANG_WARN__DUPLICATE_METHOD_MATCH = YES;
				CODE_SIGN_IDENTITY = "iPhone Developer";
				COPY_PHASE_STRIP = NO;
				DEBUG_INFORMATION_FORMAT = dwarf;
				ENABLE_BITCODE = NO;
				ENABLE_STRICT_OBJC_MSGSEND = YES;
				ENABLE_TESTABILITY = YES;
				GCC_C_LANGUAGE_STANDARD = gnu11;
				GCC_DYNAMIC_NO_PIC = NO;
				GCC_NO_COMMON_BLOCKS = YES;
				GCC_OPTIMIZATION_LEVEL = 0;
				GCC_PREPROCESSOR_DEFINITIONS = (
					"DEBUG=1",
					"$(inherited)",
				);
				GCC_WARN_64_TO_32_BIT_CONVERSION = YES;
				GCC_WARN_ABOUT_RETURN_TYPE = YES_ERROR;
				GCC_WARN_UNDECLARED_SELECTOR = YES;
				GCC_WARN_UNINITIALIZED_AUTOS = YES_AGGRESSIVE;
				GCC_WARN_UNUSED_FUNCTION = YES;
				GCC_WARN_UNUSED_VARIABLE = YES;
				HEADER_SEARCH_PATHS = "${SRCROOT}/exocore-client-ios";
				IPHONEOS_DEPLOYMENT_TARGET = 12.4;
				LIBRARY_SEARCH_PATHS = "${SRCROOT}/exocore-client-ios";
				MTL_ENABLE_DEBUG_INFO = INCLUDE_SOURCE;
				MTL_FAST_MATH = YES;
				ONLY_ACTIVE_ARCH = YES;
				SDKROOT = iphoneos;
				SWIFT_ACTIVE_COMPILATION_CONDITIONS = DEBUG;
				SWIFT_OPTIMIZATION_LEVEL = "-Onone";
			};
			name = Debug;
		};
		6DEED5B422E88BC50090AF30 /* Release */ = {
			isa = XCBuildConfiguration;
			buildSettings = {
				ALWAYS_SEARCH_USER_PATHS = NO;
				CLANG_ANALYZER_NONNULL = YES;
				CLANG_ANALYZER_NUMBER_OBJECT_CONVERSION = YES_AGGRESSIVE;
				CLANG_CXX_LANGUAGE_STANDARD = "gnu++14";
				CLANG_CXX_LIBRARY = "libc++";
				CLANG_ENABLE_MODULES = YES;
				CLANG_ENABLE_OBJC_ARC = YES;
				CLANG_ENABLE_OBJC_WEAK = YES;
				CLANG_WARN_BLOCK_CAPTURE_AUTORELEASING = YES;
				CLANG_WARN_BOOL_CONVERSION = YES;
				CLANG_WARN_COMMA = YES;
				CLANG_WARN_CONSTANT_CONVERSION = YES;
				CLANG_WARN_DEPRECATED_OBJC_IMPLEMENTATIONS = YES;
				CLANG_WARN_DIRECT_OBJC_ISA_USAGE = YES_ERROR;
				CLANG_WARN_DOCUMENTATION_COMMENTS = YES;
				CLANG_WARN_EMPTY_BODY = YES;
				CLANG_WARN_ENUM_CONVERSION = YES;
				CLANG_WARN_INFINITE_RECURSION = YES;
				CLANG_WARN_INT_CONVERSION = YES;
				CLANG_WARN_NON_LITERAL_NULL_CONVERSION = YES;
				CLANG_WARN_OBJC_IMPLICIT_RETAIN_SELF = YES;
				CLANG_WARN_OBJC_LITERAL_CONVERSION = YES;
				CLANG_WARN_OBJC_ROOT_CLASS = YES_ERROR;
				CLANG_WARN_RANGE_LOOP_ANALYSIS = YES;
				CLANG_WARN_STRICT_PROTOTYPES = YES;
				CLANG_WARN_SUSPICIOUS_MOVE = YES;
				CLANG_WARN_UNGUARDED_AVAILABILITY = YES_AGGRESSIVE;
				CLANG_WARN_UNREACHABLE_CODE = YES;
				CLANG_WARN__DUPLICATE_METHOD_MATCH = YES;
				CODE_SIGN_IDENTITY = "iPhone Developer";
				COPY_PHASE_STRIP = NO;
				DEBUG_INFORMATION_FORMAT = "dwarf-with-dsym";
				ENABLE_BITCODE = NO;
				ENABLE_NS_ASSERTIONS = NO;
				ENABLE_STRICT_OBJC_MSGSEND = YES;
				GCC_C_LANGUAGE_STANDARD = gnu11;
				GCC_NO_COMMON_BLOCKS = YES;
				GCC_WARN_64_TO_32_BIT_CONVERSION = YES;
				GCC_WARN_ABOUT_RETURN_TYPE = YES_ERROR;
				GCC_WARN_UNDECLARED_SELECTOR = YES;
				GCC_WARN_UNINITIALIZED_AUTOS = YES_AGGRESSIVE;
				GCC_WARN_UNUSED_FUNCTION = YES;
				GCC_WARN_UNUSED_VARIABLE = YES;
				HEADER_SEARCH_PATHS = "${SRCROOT}/exocore-client-ios";
				IPHONEOS_DEPLOYMENT_TARGET = 12.4;
				LIBRARY_SEARCH_PATHS = "${SRCROOT}/exocore-client-ios";
				MTL_ENABLE_DEBUG_INFO = NO;
				MTL_FAST_MATH = YES;
				SDKROOT = iphoneos;
				SWIFT_COMPILATION_MODE = wholemodule;
				SWIFT_OPTIMIZATION_LEVEL = "-O";
				VALIDATE_PRODUCT = YES;
			};
			name = Release;
		};
		6DEED5B622E88BC50090AF30 /* Debug */ = {
			isa = XCBuildConfiguration;
			baseConfigurationReference = 0D27A425AEE4671302E001E1 /* Pods-exocore-client-ios.debug.xcconfig */;
			buildSettings = {
				ASSETCATALOG_COMPILER_APPICON_NAME = AppIcon;
				CLANG_ENABLE_MODULES = YES;
				CODE_SIGN_STYLE = Automatic;
				DEVELOPMENT_TEAM = FHZCN4GU2K;
				ENABLE_BITCODE = NO;
				INFOPLIST_FILE = "exocore-client-ios/Info.plist";
				IPHONEOS_DEPLOYMENT_TARGET = 13.0;
				LD_RUNPATH_SEARCH_PATHS = (
					"$(inherited)",
					"@executable_path/Frameworks",
				);
				PRODUCT_BUNDLE_IDENTIFIER = "io.exocore.exocore-client-ios";
				PRODUCT_NAME = "$(TARGET_NAME)";
				SWIFT_OBJC_BRIDGING_HEADER = "exocore-client-ios/exocore-client-ios-Bridging-Header.h";
				SWIFT_OPTIMIZATION_LEVEL = "-Onone";
				SWIFT_VERSION = 5.0;
				TARGETED_DEVICE_FAMILY = "1,2";
			};
			name = Debug;
		};
		6DEED5B722E88BC50090AF30 /* Release */ = {
			isa = XCBuildConfiguration;
			baseConfigurationReference = E111411E5A8E4A8E891EF16C /* Pods-exocore-client-ios.release.xcconfig */;
			buildSettings = {
				ASSETCATALOG_COMPILER_APPICON_NAME = AppIcon;
				CLANG_ENABLE_MODULES = YES;
				CODE_SIGN_STYLE = Automatic;
				DEVELOPMENT_TEAM = FHZCN4GU2K;
				ENABLE_BITCODE = NO;
				INFOPLIST_FILE = "exocore-client-ios/Info.plist";
				IPHONEOS_DEPLOYMENT_TARGET = 13.0;
				LD_RUNPATH_SEARCH_PATHS = (
					"$(inherited)",
					"@executable_path/Frameworks",
				);
				PRODUCT_BUNDLE_IDENTIFIER = "io.exocore.exocore-client-ios";
				PRODUCT_NAME = "$(TARGET_NAME)";
				SWIFT_OBJC_BRIDGING_HEADER = "exocore-client-ios/exocore-client-ios-Bridging-Header.h";
				SWIFT_VERSION = 5.0;
				TARGETED_DEVICE_FAMILY = "1,2";
			};
			name = Release;
		};
/* End XCBuildConfiguration section */

/* Begin XCConfigurationList section */
		6DEED59E22E88BC30090AF30 /* Build configuration list for PBXProject "exocore-client-ios" */ = {
			isa = XCConfigurationList;
			buildConfigurations = (
				6DEED5B322E88BC50090AF30 /* Debug */,
				6DEED5B422E88BC50090AF30 /* Release */,
			);
			defaultConfigurationIsVisible = 0;
			defaultConfigurationName = Release;
		};
		6DEED5B522E88BC50090AF30 /* Build configuration list for PBXNativeTarget "exocore-client-ios" */ = {
			isa = XCConfigurationList;
			buildConfigurations = (
				6DEED5B622E88BC50090AF30 /* Debug */,
				6DEED5B722E88BC50090AF30 /* Release */,
			);
			defaultConfigurationIsVisible = 0;
			defaultConfigurationName = Release;
		};
/* End XCConfigurationList section */
	};
	rootObject = 6DEED59B22E88BC30090AF30 /* Project object */;
}
