// !$*UTF8*$!
{
	archiveVersion = 1;
	classes = {
	};
	objectVersion = 50;
	objects = {

/* Begin PBXBuildFile section */
		6D0367D22399D6AB0087A80B /* MainViewController.swift in Sources */ = {isa = PBXBuildFile; fileRef = 6D0367D12399D6AB0087A80B /* MainViewController.swift */; };
		6DEED5A722E88BC30090AF30 /* AppDelegate.swift in Sources */ = {isa = PBXBuildFile; fileRef = 6DEED5A622E88BC30090AF30 /* AppDelegate.swift */; };
		6DEED5A922E88BC30090AF30 /* Client.swift in Sources */ = {isa = PBXBuildFile; fileRef = 6DEED5A822E88BC30090AF30 /* Client.swift */; };
		6DEED5AC22E88BC30090AF30 /* Main.storyboard in Resources */ = {isa = PBXBuildFile; fileRef = 6DEED5AA22E88BC30090AF30 /* Main.storyboard */; };
		6DEED5AE22E88BC50090AF30 /* Assets.xcassets in Resources */ = {isa = PBXBuildFile; fileRef = 6DEED5AD22E88BC50090AF30 /* Assets.xcassets */; };
		6DEED5B122E88BC50090AF30 /* LaunchScreen.storyboard in Resources */ = {isa = PBXBuildFile; fileRef = 6DEED5AF22E88BC50090AF30 /* LaunchScreen.storyboard */; };
		6DEED5BB22E88E3D0090AF30 /* libexocore_client_ios.a in Frameworks */ = {isa = PBXBuildFile; fileRef = 6DEED5B922E88BF20090AF30 /* libexocore_client_ios.a */; };
/* End PBXBuildFile section */

/* Begin PBXFileReference section */
		6D0367D12399D6AB0087A80B /* MainViewController.swift */ = {isa = PBXFileReference; lastKnownFileType = sourcecode.swift; path = MainViewController.swift; sourceTree = "<group>"; };
		6D0367D32399DFB60087A80B /* SwiftUI.framework */ = {isa = PBXFileReference; lastKnownFileType = wrapper.framework; name = SwiftUI.framework; path = System/Library/Frameworks/SwiftUI.framework; sourceTree = SDKROOT; };
		6DEED5A322E88BC30090AF30 /* exocore-client-ios.app */ = {isa = PBXFileReference; explicitFileType = wrapper.application; includeInIndex = 0; path = "exocore-client-ios.app"; sourceTree = BUILT_PRODUCTS_DIR; };
		6DEED5A622E88BC30090AF30 /* AppDelegate.swift */ = {isa = PBXFileReference; lastKnownFileType = sourcecode.swift; path = AppDelegate.swift; sourceTree = "<group>"; };
		6DEED5A822E88BC30090AF30 /* Client.swift */ = {isa = PBXFileReference; lastKnownFileType = sourcecode.swift; path = Client.swift; sourceTree = "<group>"; };
		6DEED5AB22E88BC30090AF30 /* Base */ = {isa = PBXFileReference; lastKnownFileType = file.storyboard; name = Base; path = Base.lproj/Main.storyboard; sourceTree = "<group>"; };
		6DEED5AD22E88BC50090AF30 /* Assets.xcassets */ = {isa = PBXFileReference; lastKnownFileType = folder.assetcatalog; path = Assets.xcassets; sourceTree = "<group>"; };
		6DEED5B022E88BC50090AF30 /* Base */ = {isa = PBXFileReference; lastKnownFileType = file.storyboard; name = Base; path = Base.lproj/LaunchScreen.storyboard; sourceTree = "<group>"; };
		6DEED5B222E88BC50090AF30 /* Info.plist */ = {isa = PBXFileReference; lastKnownFileType = text.plist.xml; path = Info.plist; sourceTree = "<group>"; };
		6DEED5B922E88BF20090AF30 /* libexocore_client_ios.a */ = {isa = PBXFileReference; lastKnownFileType = archive.ar; name = libexocore_client_ios.a; path = ../../../../target/universal/debug/libexocore_client_ios.a; sourceTree = "<group>"; };
		6DEED5BC22E88EEC0090AF30 /* exocore-client-ios-Bridging-Header.h */ = {isa = PBXFileReference; lastKnownFileType = sourcecode.c.h; path = "exocore-client-ios-Bridging-Header.h"; sourceTree = "<group>"; };
/* End PBXFileReference section */

/* Begin PBXFrameworksBuildPhase section */
		6DEED5A022E88BC30090AF30 /* Frameworks */ = {
			isa = PBXFrameworksBuildPhase;
			buildActionMask = 2147483647;
			files = (
				6DEED5BB22E88E3D0090AF30 /* libexocore_client_ios.a in Frameworks */,
			);
			runOnlyForDeploymentPostprocessing = 0;
		};
/* End PBXFrameworksBuildPhase section */

/* Begin PBXGroup section */
		6DEED59A22E88BC30090AF30 = {
			isa = PBXGroup;
			children = (
				6DEED5A522E88BC30090AF30 /* exocore-client-ios */,
				6DEED5A422E88BC30090AF30 /* Products */,
				6DEED5B822E88BF10090AF30 /* Frameworks */,
			);
			sourceTree = "<group>";
		};
		6DEED5A422E88BC30090AF30 /* Products */ = {
			isa = PBXGroup;
			children = (
				6DEED5A322E88BC30090AF30 /* exocore-client-ios.app */,
			);
			name = Products;
			sourceTree = "<group>";
		};
		6DEED5A522E88BC30090AF30 /* exocore-client-ios */ = {
			isa = PBXGroup;
			children = (
				6DEED5BC22E88EEC0090AF30 /* exocore-client-ios-Bridging-Header.h */,
				6DEED5B222E88BC50090AF30 /* Info.plist */,
				6DEED5A622E88BC30090AF30 /* AppDelegate.swift */,
				6DEED5A822E88BC30090AF30 /* Client.swift */,
				6D0367D12399D6AB0087A80B /* MainViewController.swift */,
				6DEED5AD22E88BC50090AF30 /* Assets.xcassets */,
				6DEED5AF22E88BC50090AF30 /* LaunchScreen.storyboard */,
				6DEED5AA22E88BC30090AF30 /* Main.storyboard */,
			);
			path = "exocore-client-ios";
			sourceTree = "<group>";
		};
		6DEED5B822E88BF10090AF30 /* Frameworks */ = {
			isa = PBXGroup;
			children = (
				6D0367D32399DFB60087A80B /* SwiftUI.framework */,
				6DEED5B922E88BF20090AF30 /* libexocore_client_ios.a */,
			);
			name = Frameworks;
			sourceTree = "<group>";
		};
/* End PBXGroup section */

/* Begin PBXNativeTarget section */
		6DEED5A222E88BC30090AF30 /* exocore-client-ios */ = {
			isa = PBXNativeTarget;
			buildConfigurationList = 6DEED5B522E88BC50090AF30 /* Build configuration list for PBXNativeTarget "exocore-client-ios" */;
			buildPhases = (
				6DEED59F22E88BC30090AF30 /* Sources */,
				6DEED5A022E88BC30090AF30 /* Frameworks */,
				6DEED5A122E88BC30090AF30 /* Resources */,
			);
			buildRules = (
			);
			dependencies = (
			);
			name = "exocore-client-ios";
			productName = "exocore-client-ios";
			productReference = 6DEED5A322E88BC30090AF30 /* exocore-client-ios.app */;
			productType = "com.apple.product-type.application";
		};
/* End PBXNativeTarget section */

/* Begin PBXProject section */
		6DEED59B22E88BC30090AF30 /* Project object */ = {
			isa = PBXProject;
			attributes = {
				LastSwiftUpdateCheck = 1030;
				LastUpgradeCheck = 1030;
				ORGANIZATIONNAME = "Andre-Philippe Paquet";
				TargetAttributes = {
					6DEED5A222E88BC30090AF30 = {
						CreatedOnToolsVersion = 10.3;
						LastSwiftMigration = 1030;
					};
				};
			};
			buildConfigurationList = 6DEED59E22E88BC30090AF30 /* Build configuration list for PBXProject "exocore-client-ios" */;
			compatibilityVersion = "Xcode 9.3";
			developmentRegion = en;
			hasScannedForEncodings = 0;
			knownRegions = (
				en,
				Base,
			);
			mainGroup = 6DEED59A22E88BC30090AF30;
			productRefGroup = 6DEED5A422E88BC30090AF30 /* Products */;
			projectDirPath = "";
			projectRoot = "";
			targets = (
				6DEED5A222E88BC30090AF30 /* exocore-client-ios */,
			);
		};
/* End PBXProject section */

/* Begin PBXResourcesBuildPhase section */
		6DEED5A122E88BC30090AF30 /* Resources */ = {
			isa = PBXResourcesBuildPhase;
			buildActionMask = 2147483647;
			files = (
				6DEED5B122E88BC50090AF30 /* LaunchScreen.storyboard in Resources */,
				6DEED5AE22E88BC50090AF30 /* Assets.xcassets in Resources */,
				6DEED5AC22E88BC30090AF30 /* Main.storyboard in Resources */,
			);
			runOnlyForDeploymentPostprocessing = 0;
		};
/* End PBXResourcesBuildPhase section */

/* Begin PBXSourcesBuildPhase section */
		6DEED59F22E88BC30090AF30 /* Sources */ = {
			isa = PBXSourcesBuildPhase;
			buildActionMask = 2147483647;
			files = (
				6DEED5A922E88BC30090AF30 /* Client.swift in Sources */,
				6DEED5A722E88BC30090AF30 /* AppDelegate.swift in Sources */,
				6D0367D22399D6AB0087A80B /* MainViewController.swift in Sources */,
			);
			runOnlyForDeploymentPostprocessing = 0;
		};
/* End PBXSourcesBuildPhase section */

/* Begin PBXVariantGroup section */
		6DEED5AA22E88BC30090AF30 /* Main.storyboard */ = {
			isa = PBXVariantGroup;
			children = (
				6DEED5AB22E88BC30090AF30 /* Base */,
			);
			name = Main.storyboard;
			sourceTree = "<group>";
		};
		6DEED5AF22E88BC50090AF30 /* LaunchScreen.storyboard */ = {
			isa = PBXVariantGroup;
			children = (
				6DEED5B022E88BC50090AF30 /* Base */,
			);
			name = LaunchScreen.storyboard;
			sourceTree = "<group>";
		};
/* End PBXVariantGroup section */

/* Begin XCBuildConfiguration section */
		6DEED5B322E88BC50090AF30 /* Debug */ = {
			isa = XCBuildConfiguration;
			buildSettings = {
				ALWAYS_SEARCH_USER_PATHS = NO;
				CLANG_ANALYZER_NONNULL = YES;
				CLANG_ANALYZER_NUMBER_OBJECT_CONVERSION = YES_AGGRESSIVE;
				CLANG_CXX_LANGUAGE_STANDARD = "gnu++14";
				CLANG_CXX_LIBRARY = "libc++";
				CLANG_ENABLE_MODULES = YES;
				CLANG_ENABLE_OBJC_ARC = YES;
				CLANG_ENABLE_OBJC_WEAK = YES;
				CLANG_WARN_BLOCK_CAPTURE_AUTORELEASING = YES;
				CLANG_WARN_BOOL_CONVERSION = YES;
				CLANG_WARN_COMMA = YES;
				CLANG_WARN_CONSTANT_CONVERSION = YES;
				CLANG_WARN_DEPRECATED_OBJC_IMPLEMENTATIONS = YES;
				CLANG_WARN_DIRECT_OBJC_ISA_USAGE = YES_ERROR;
				CLANG_WARN_DOCUMENTATION_COMMENTS = YES;
				CLANG_WARN_EMPTY_BODY = YES;
				CLANG_WARN_ENUM_CONVERSION = YES;
				CLANG_WARN_INFINITE_RECURSION = YES;
				CLANG_WARN_INT_CONVERSION = YES;
				CLANG_WARN_NON_LITERAL_NULL_CONVERSION = YES;
				CLANG_WARN_OBJC_IMPLICIT_RETAIN_SELF = YES;
				CLANG_WARN_OBJC_LITERAL_CONVERSION = YES;
				CLANG_WARN_OBJC_ROOT_CLASS = YES_ERROR;
				CLANG_WARN_RANGE_LOOP_ANALYSIS = YES;
				CLANG_WARN_STRICT_PROTOTYPES = YES;
				CLANG_WARN_SUSPICIOUS_MOVE = YES;
				CLANG_WARN_UNGUARDED_AVAILABILITY = YES_AGGRESSIVE;
				CLANG_WARN_UNREACHABLE_CODE = YES;
				CLANG_WARN__DUPLICATE_METHOD_MATCH = YES;
				CODE_SIGN_IDENTITY = "iPhone Developer";
				COPY_PHASE_STRIP = NO;
				DEBUG_INFORMATION_FORMAT = dwarf;
				ENABLE_BITCODE = NO;
				ENABLE_STRICT_OBJC_MSGSEND = YES;
				ENABLE_TESTABILITY = YES;
				GCC_C_LANGUAGE_STANDARD = gnu11;
				GCC_DYNAMIC_NO_PIC = NO;
				GCC_NO_COMMON_BLOCKS = YES;
				GCC_OPTIMIZATION_LEVEL = 0;
				GCC_PREPROCESSOR_DEFINITIONS = (
					"DEBUG=1",
					"$(inherited)",
				);
				GCC_WARN_64_TO_32_BIT_CONVERSION = YES;
				GCC_WARN_ABOUT_RETURN_TYPE = YES_ERROR;
				GCC_WARN_UNDECLARED_SELECTOR = YES;
				GCC_WARN_UNINITIALIZED_AUTOS = YES_AGGRESSIVE;
				GCC_WARN_UNUSED_FUNCTION = YES;
				GCC_WARN_UNUSED_VARIABLE = YES;
				HEADER_SEARCH_PATHS = "${SRCROOT}/exocore-client-ios";
				IPHONEOS_DEPLOYMENT_TARGET = 12.4;
				LIBRARY_SEARCH_PATHS = "${SRCROOT}/exocore-client-ios";
				MTL_ENABLE_DEBUG_INFO = INCLUDE_SOURCE;
				MTL_FAST_MATH = YES;
				ONLY_ACTIVE_ARCH = YES;
				SDKROOT = iphoneos;
				SWIFT_ACTIVE_COMPILATION_CONDITIONS = DEBUG;
				SWIFT_OPTIMIZATION_LEVEL = "-Onone";
			};
			name = Debug;
		};
		6DEED5B422E88BC50090AF30 /* Release */ = {
			isa = XCBuildConfiguration;
			buildSettings = {
				ALWAYS_SEARCH_USER_PATHS = NO;
				CLANG_ANALYZER_NONNULL = YES;
				CLANG_ANALYZER_NUMBER_OBJECT_CONVERSION = YES_AGGRESSIVE;
				CLANG_CXX_LANGUAGE_STANDARD = "gnu++14";
				CLANG_CXX_LIBRARY = "libc++";
				CLANG_ENABLE_MODULES = YES;
				CLANG_ENABLE_OBJC_ARC = YES;
				CLANG_ENABLE_OBJC_WEAK = YES;
				CLANG_WARN_BLOCK_CAPTURE_AUTORELEASING = YES;
				CLANG_WARN_BOOL_CONVERSION = YES;
				CLANG_WARN_COMMA = YES;
				CLANG_WARN_CONSTANT_CONVERSION = YES;
				CLANG_WARN_DEPRECATED_OBJC_IMPLEMENTATIONS = YES;
				CLANG_WARN_DIRECT_OBJC_ISA_USAGE = YES_ERROR;
				CLANG_WARN_DOCUMENTATION_COMMENTS = YES;
				CLANG_WARN_EMPTY_BODY = YES;
				CLANG_WARN_ENUM_CONVERSION = YES;
				CLANG_WARN_INFINITE_RECURSION = YES;
				CLANG_WARN_INT_CONVERSION = YES;
				CLANG_WARN_NON_LITERAL_NULL_CONVERSION = YES;
				CLANG_WARN_OBJC_IMPLICIT_RETAIN_SELF = YES;
				CLANG_WARN_OBJC_LITERAL_CONVERSION = YES;
				CLANG_WARN_OBJC_ROOT_CLASS = YES_ERROR;
				CLANG_WARN_RANGE_LOOP_ANALYSIS = YES;
				CLANG_WARN_STRICT_PROTOTYPES = YES;
				CLANG_WARN_SUSPICIOUS_MOVE = YES;
				CLANG_WARN_UNGUARDED_AVAILABILITY = YES_AGGRESSIVE;
				CLANG_WARN_UNREACHABLE_CODE = YES;
				CLANG_WARN__DUPLICATE_METHOD_MATCH = YES;
				CODE_SIGN_IDENTITY = "iPhone Developer";
				COPY_PHASE_STRIP = NO;
				DEBUG_INFORMATION_FORMAT = "dwarf-with-dsym";
				ENABLE_BITCODE = NO;
				ENABLE_NS_ASSERTIONS = NO;
				ENABLE_STRICT_OBJC_MSGSEND = YES;
				GCC_C_LANGUAGE_STANDARD = gnu11;
				GCC_NO_COMMON_BLOCKS = YES;
				GCC_WARN_64_TO_32_BIT_CONVERSION = YES;
				GCC_WARN_ABOUT_RETURN_TYPE = YES_ERROR;
				GCC_WARN_UNDECLARED_SELECTOR = YES;
				GCC_WARN_UNINITIALIZED_AUTOS = YES_AGGRESSIVE;
				GCC_WARN_UNUSED_FUNCTION = YES;
				GCC_WARN_UNUSED_VARIABLE = YES;
				HEADER_SEARCH_PATHS = "${SRCROOT}/exocore-client-ios";
				IPHONEOS_DEPLOYMENT_TARGET = 12.4;
				LIBRARY_SEARCH_PATHS = "${SRCROOT}/exocore-client-ios";
				MTL_ENABLE_DEBUG_INFO = NO;
				MTL_FAST_MATH = YES;
				SDKROOT = iphoneos;
				SWIFT_COMPILATION_MODE = wholemodule;
				SWIFT_OPTIMIZATION_LEVEL = "-O";
				VALIDATE_PRODUCT = YES;
			};
			name = Release;
		};
		6DEED5B622E88BC50090AF30 /* Debug */ = {
			isa = XCBuildConfiguration;
			buildSettings = {
				ASSETCATALOG_COMPILER_APPICON_NAME = AppIcon;
				CLANG_ENABLE_MODULES = YES;
				CODE_SIGN_STYLE = Automatic;
				DEVELOPMENT_TEAM = FHZCN4GU2K;
				ENABLE_BITCODE = NO;
				INFOPLIST_FILE = "exocore-client-ios/Info.plist";
				IPHONEOS_DEPLOYMENT_TARGET = 13.0;
				LD_RUNPATH_SEARCH_PATHS = (
					"$(inherited)",
					"@executable_path/Frameworks",
				);
				PRODUCT_BUNDLE_IDENTIFIER = "io.exocore.exocore-client-ios";
				PRODUCT_NAME = "$(TARGET_NAME)";
				SWIFT_OBJC_BRIDGING_HEADER = "exocore-client-ios/exocore-client-ios-Bridging-Header.h";
				SWIFT_OPTIMIZATION_LEVEL = "-Onone";
				SWIFT_VERSION = 5.0;
				TARGETED_DEVICE_FAMILY = "1,2";
			};
			name = Debug;
		};
		6DEED5B722E88BC50090AF30 /* Release */ = {
			isa = XCBuildConfiguration;
			buildSettings = {
				ASSETCATALOG_COMPILER_APPICON_NAME = AppIcon;
				CLANG_ENABLE_MODULES = YES;
				CODE_SIGN_STYLE = Automatic;
				DEVELOPMENT_TEAM = FHZCN4GU2K;
				ENABLE_BITCODE = NO;
				INFOPLIST_FILE = "exocore-client-ios/Info.plist";
				IPHONEOS_DEPLOYMENT_TARGET = 13.0;
				LD_RUNPATH_SEARCH_PATHS = (
					"$(inherited)",
					"@executable_path/Frameworks",
				);
				PRODUCT_BUNDLE_IDENTIFIER = "io.exocore.exocore-client-ios";
				PRODUCT_NAME = "$(TARGET_NAME)";
				SWIFT_OBJC_BRIDGING_HEADER = "exocore-client-ios/exocore-client-ios-Bridging-Header.h";
				SWIFT_VERSION = 5.0;
				TARGETED_DEVICE_FAMILY = "1,2";
			};
			name = Release;
		};
/* End XCBuildConfiguration section */

/* Begin XCConfigurationList section */
		6DEED59E22E88BC30090AF30 /* Build configuration list for PBXProject "exocore-client-ios" */ = {
			isa = XCConfigurationList;
			buildConfigurations = (
				6DEED5B322E88BC50090AF30 /* Debug */,
				6DEED5B422E88BC50090AF30 /* Release */,
			);
			defaultConfigurationIsVisible = 0;
			defaultConfigurationName = Release;
		};
		6DEED5B522E88BC50090AF30 /* Build configuration list for PBXNativeTarget "exocore-client-ios" */ = {
			isa = XCConfigurationList;
			buildConfigurations = (
				6DEED5B622E88BC50090AF30 /* Debug */,
				6DEED5B722E88BC50090AF30 /* Release */,
			);
			defaultConfigurationIsVisible = 0;
			defaultConfigurationName = Release;
		};
/* End XCConfigurationList section */
	};
	rootObject = 6DEED59B22E88BC30090AF30 /* Project object */;
}
