PODS:
  - Exocore (0.1.0):
    - SwiftProtobuf (~> 1.10)
  - KeychainSwift (19.0.0)
  - SwiftProtobuf (1.10.0)

DEPENDENCIES:
  - Exocore (from `../../`)
  - KeychainSwift

SPEC REPOS:
  https://github.com/cocoapods/specs.git:
    - KeychainSwift
    - SwiftProtobuf

EXTERNAL SOURCES:
  Exocore:
    :path: "../../"

SPEC CHECKSUMS:
  Exocore: 372862974f0c7d5c35bf49cb9aeba22d8a904aea
  KeychainSwift: a06190cf933ad46b1e0abc3d77d29c06331715c7
  SwiftProtobuf: bfafffa9e26d1561c3bd0045e188c4fab5f527ae

PODFILE CHECKSUM: 7b1317688841b9525a045338c0641513e43f78bc

COCOAPODS: 1.7.5
