PODS:
  - AppCenter (4.1.1):
    - AppCenter/Analytics (= 4.1.1)
    - AppCenter/Crashes (= 4.1.1)
  - AppCenter/Analytics (4.1.1):
    - AppCenter/Core
  - AppCenter/Core (4.1.1)
  - AppCenter/Crashes (4.1.1):
    - AppCenter/Core
  - CLTokenInputView (2.3.0)
  - Exocore (0.1.27):
    - SwiftProtobuf (~> 1.10)
  - FontAwesome.swift (1.9.1)
  - Introspect (0.1.3)
  - KeychainSwift (19.0.0)
  - ReachabilitySwift (5.0.0)
  - SnapKit (5.6.0)
  - SwiftProtobuf (1.15.0)
  - SwiftyJSON (5.0.1)
  - UIColor_Hex_Swift (4.2.0)

DEPENDENCIES:
  - AppCenter
  - CLTokenInputView
  - Exocore (from `../../exocore`)
  - FontAwesome.swift (from `https://github.com/thii/FontAwesome.swift.git`)
  - Introspect
  - KeychainSwift (~> 19.0)
  - ReachabilitySwift
  - SnapKit (~> 5.6.0)
  - SwiftProtobuf (~> 1.10)
  - SwiftyJSON (~> 5.0.1)
  - UIColor_Hex_Swift (~> 4.2.0)

SPEC REPOS:
  https://github.com/CocoaPods/Specs.git:
    - AppCenter
    - CLTokenInputView
    - Introspect
    - KeychainSwift
    - ReachabilitySwift
    - SwiftProtobuf
    - UIColor_Hex_Swift
  trunk:
    - SnapKit
    - SwiftyJSON

EXTERNAL SOURCES:
  Exocore:
    :path: "../../exocore"
  FontAwesome.swift:
    :git: https://github.com/thii/FontAwesome.swift.git

CHECKOUT OPTIONS:
  FontAwesome.swift:
    :commit: 07883a32d49dfc7bdedbeea115067b53dfbeeb43
    :git: https://github.com/thii/FontAwesome.swift.git

SPEC CHECKSUMS:
  AppCenter: cd53e3ed3563cc720bcb806c9731a12389b40d44
  CLTokenInputView: 9dc1ffb7c9d2d81787e69a63c75bd97b0b2d1e76
  Exocore: 5624573f9be0cc6a42167e091a4d5c21e0a8deb4
  FontAwesome.swift: 6b52cb7be66eacd28cbfaa0ca7ffd0de4a186a1d
  Introspect: 2be020f30f084ada52bb4387fff83fa52c5c400e
  KeychainSwift: a06190cf933ad46b1e0abc3d77d29c06331715c7
  ReachabilitySwift: 985039c6f7b23a1da463388634119492ff86c825
  SnapKit: e01d52ebb8ddbc333eefe2132acf85c8227d9c25
  SwiftProtobuf: 3320217e9d8fb75f36b40282e78c482640fd75dd
  SwiftyJSON: 2f33a42c6fbc52764d96f13368585094bfd8aa5e
  UIColor_Hex_Swift: bc07fc197421ee896b9ed6dcfa2054b7fbf75145

PODFILE CHECKSUM: c58045fd2e941f7b7a443713bc45117fe381a9ba

COCOAPODS: 1.15.2
